// !$*UTF8*$!
{
	archiveVersion = 1;
	classes = {
	};
	objectVersion = 48;
	objects = {

/* Begin PBXBuildFile section */
		F80A9DB41FFC273F00B12760 /* Lanes.framework in Frameworks */ = {isa = PBXBuildFile; fileRef = F80A9DB31FFC273F00B12760 /* Lanes.framework */; };
		F80A9DB51FFC273F00B12760 /* Lanes.framework in Embed Frameworks */ = {isa = PBXBuildFile; fileRef = F80A9DB31FFC273F00B12760 /* Lanes.framework */; settings = {ATTRIBUTES = (CodeSignOnCopy, RemoveHeadersOnCopy, ); }; };
		F80BA65C1FF551BD0026CA7E /* AppDelegate.swift in Sources */ = {isa = PBXBuildFile; fileRef = F80BA65B1FF551BD0026CA7E /* AppDelegate.swift */; };
		F80BA6611FF551BD0026CA7E /* Main.storyboard in Resources */ = {isa = PBXBuildFile; fileRef = F80BA65F1FF551BD0026CA7E /* Main.storyboard */; };
		F80BA6631FF551BD0026CA7E /* Assets.xcassets in Resources */ = {isa = PBXBuildFile; fileRef = F80BA6621FF551BD0026CA7E /* Assets.xcassets */; };
		F80BA6661FF551BD0026CA7E /* LaunchScreen.storyboard in Resources */ = {isa = PBXBuildFile; fileRef = F80BA6641FF551BD0026CA7E /* LaunchScreen.storyboard */; };
		F88A09491FF56B870021A55C /* Localizable.strings in Resources */ = {isa = PBXBuildFile; fileRef = F88A094B1FF56B870021A55C /* Localizable.strings */; };
/* End PBXBuildFile section */

/* Begin PBXContainerItemProxy section */
		F80A9DC31FFC287D00B12760 /* PBXContainerItemProxy */ = {
			isa = PBXContainerItemProxy;
			containerPortal = F80BA6501FF551BD0026CA7E /* Project object */;
			proxyType = 1;
			remoteGlobalIDString = F80BA6571FF551BD0026CA7E;
			remoteInfo = LanesTouch;
		};
		F80BA66D1FF551BD0026CA7E /* PBXContainerItemProxy */ = {
			isa = PBXContainerItemProxy;
			containerPortal = F80BA6501FF551BD0026CA7E /* Project object */;
			proxyType = 1;
			remoteGlobalIDString = F80BA6571FF551BD0026CA7E;
			remoteInfo = LanesTouch;
		};
/* End PBXContainerItemProxy section */

/* Begin PBXCopyFilesBuildPhase section */
		F80A9DB61FFC273F00B12760 /* Embed Frameworks */ = {
			isa = PBXCopyFilesBuildPhase;
			buildActionMask = 2147483647;
			dstPath = "";
			dstSubfolderSpec = 10;
			files = (
				F80A9DB51FFC273F00B12760 /* Lanes.framework in Embed Frameworks */,
			);
			name = "Embed Frameworks";
			runOnlyForDeploymentPostprocessing = 0;
		};
/* End PBXCopyFilesBuildPhase section */

/* Begin PBXFileReference section */
		F80A9DB31FFC273F00B12760 /* Lanes.framework */ = {isa = PBXFileReference; explicitFileType = wrapper.framework; path = Lanes.framework; sourceTree = BUILT_PRODUCTS_DIR; };
		F80A9DBE1FFC287D00B12760 /* LanesTouchFunctionalTests.xctest */ = {isa = PBXFileReference; explicitFileType = wrapper.cfbundle; includeInIndex = 0; path = LanesTouchFunctionalTests.xctest; sourceTree = BUILT_PRODUCTS_DIR; };
		F80A9DC21FFC287D00B12760 /* Info.plist */ = {isa = PBXFileReference; lastKnownFileType = text.plist.xml; path = Info.plist; sourceTree = "<group>"; };
		F80BA6581FF551BD0026CA7E /* LanesTouch.app */ = {isa = PBXFileReference; explicitFileType = wrapper.application; includeInIndex = 0; path = LanesTouch.app; sourceTree = BUILT_PRODUCTS_DIR; };
		F80BA65B1FF551BD0026CA7E /* AppDelegate.swift */ = {isa = PBXFileReference; lastKnownFileType = sourcecode.swift; path = AppDelegate.swift; sourceTree = "<group>"; };
		F80BA6601FF551BD0026CA7E /* Base */ = {isa = PBXFileReference; lastKnownFileType = file.storyboard; name = Base; path = Base.lproj/Main.storyboard; sourceTree = "<group>"; };
		F80BA6621FF551BD0026CA7E /* Assets.xcassets */ = {isa = PBXFileReference; lastKnownFileType = folder.assetcatalog; path = Assets.xcassets; sourceTree = "<group>"; };
		F80BA6651FF551BD0026CA7E /* Base */ = {isa = PBXFileReference; lastKnownFileType = file.storyboard; name = Base; path = Base.lproj/LaunchScreen.storyboard; sourceTree = "<group>"; };
		F80BA6671FF551BD0026CA7E /* Info.plist */ = {isa = PBXFileReference; lastKnownFileType = text.plist.xml; path = Info.plist; sourceTree = "<group>"; };
		F80BA66C1FF551BD0026CA7E /* LanesTouchTests.xctest */ = {isa = PBXFileReference; explicitFileType = wrapper.cfbundle; includeInIndex = 0; path = LanesTouchTests.xctest; sourceTree = BUILT_PRODUCTS_DIR; };
		F80BA6721FF551BD0026CA7E /* Info.plist */ = {isa = PBXFileReference; lastKnownFileType = text.plist.xml; path = Info.plist; sourceTree = "<group>"; };
		F88A094C1FF56BC80021A55C /* Base */ = {isa = PBXFileReference; lastKnownFileType = text.plist.strings; name = Base; path = Base.lproj/Localizable.strings; sourceTree = "<group>"; };
/* End PBXFileReference section */

/* Begin PBXFrameworksBuildPhase section */
		F80A9DBB1FFC287D00B12760 /* Frameworks */ = {
			isa = PBXFrameworksBuildPhase;
			buildActionMask = 2147483647;
			files = (
			);
			runOnlyForDeploymentPostprocessing = 0;
		};
		F80BA6551FF551BD0026CA7E /* Frameworks */ = {
			isa = PBXFrameworksBuildPhase;
			buildActionMask = 2147483647;
			files = (
				F80A9DB41FFC273F00B12760 /* Lanes.framework in Frameworks */,
			);
			runOnlyForDeploymentPostprocessing = 0;
		};
		F80BA6691FF551BD0026CA7E /* Frameworks */ = {
			isa = PBXFrameworksBuildPhase;
			buildActionMask = 2147483647;
			files = (
			);
			runOnlyForDeploymentPostprocessing = 0;
		};
/* End PBXFrameworksBuildPhase section */

/* Begin PBXGroup section */
		F80A9DBF1FFC287D00B12760 /* LanesTouchFunctionalTests */ = {
			isa = PBXGroup;
			children = (
				F80A9DC21FFC287D00B12760 /* Info.plist */,
			);
			path = LanesTouchFunctionalTests;
			sourceTree = "<group>";
		};
		F80BA64F1FF551BD0026CA7E = {
			isa = PBXGroup;
			children = (
				F80BA65A1FF551BD0026CA7E /* LanesTouch */,
				F80BA66F1FF551BD0026CA7E /* LanesTouchTests */,
				F80A9DBF1FFC287D00B12760 /* LanesTouchFunctionalTests */,
				F80BA6591FF551BD0026CA7E /* Products */,
				F80A9DB31FFC273F00B12760 /* Lanes.framework */,
			);
			sourceTree = "<group>";
		};
		F80BA6591FF551BD0026CA7E /* Products */ = {
			isa = PBXGroup;
			children = (
				F80BA6581FF551BD0026CA7E /* LanesTouch.app */,
				F80BA66C1FF551BD0026CA7E /* LanesTouchTests.xctest */,
				F80A9DBE1FFC287D00B12760 /* LanesTouchFunctionalTests.xctest */,
			);
			name = Products;
			sourceTree = "<group>";
		};
		F80BA65A1FF551BD0026CA7E /* LanesTouch */ = {
			isa = PBXGroup;
			children = (
				F80BA65B1FF551BD0026CA7E /* AppDelegate.swift */,
				F80BA65F1FF551BD0026CA7E /* Main.storyboard */,
				F80BA6621FF551BD0026CA7E /* Assets.xcassets */,
				F80BA6641FF551BD0026CA7E /* LaunchScreen.storyboard */,
				F80BA6671FF551BD0026CA7E /* Info.plist */,
				F88A094B1FF56B870021A55C /* Localizable.strings */,
			);
			path = LanesTouch;
			sourceTree = "<group>";
		};
		F80BA66F1FF551BD0026CA7E /* LanesTouchTests */ = {
			isa = PBXGroup;
			children = (
				F80BA6721FF551BD0026CA7E /* Info.plist */,
			);
			path = LanesTouchTests;
			sourceTree = "<group>";
		};
/* End PBXGroup section */

/* Begin PBXNativeTarget section */
		F80A9DBD1FFC287D00B12760 /* LanesTouchFunctionalTests */ = {
			isa = PBXNativeTarget;
			buildConfigurationList = F80A9DC51FFC287D00B12760 /* Build configuration list for PBXNativeTarget "LanesTouchFunctionalTests" */;
			buildPhases = (
				F80A9DBA1FFC287D00B12760 /* Sources */,
				F80A9DBB1FFC287D00B12760 /* Frameworks */,
				F80A9DBC1FFC287D00B12760 /* Resources */,
			);
			buildRules = (
			);
			dependencies = (
				F80A9DC41FFC287D00B12760 /* PBXTargetDependency */,
			);
			name = LanesTouchFunctionalTests;
			productName = LanesTouchFunctionalTests;
			productReference = F80A9DBE1FFC287D00B12760 /* LanesTouchFunctionalTests.xctest */;
			productType = "com.apple.product-type.bundle.ui-testing";
		};
		F80BA6571FF551BD0026CA7E /* LanesTouch */ = {
			isa = PBXNativeTarget;
			buildConfigurationList = F80BA6751FF551BD0026CA7E /* Build configuration list for PBXNativeTarget "LanesTouch" */;
			buildPhases = (
				F80BA6541FF551BD0026CA7E /* Sources */,
				F80BA6551FF551BD0026CA7E /* Frameworks */,
				F80BA6561FF551BD0026CA7E /* Resources */,
				F80A9DB61FFC273F00B12760 /* Embed Frameworks */,
			);
			buildRules = (
			);
			dependencies = (
			);
			name = LanesTouch;
			productName = LanesTouch;
			productReference = F80BA6581FF551BD0026CA7E /* LanesTouch.app */;
			productType = "com.apple.product-type.application";
		};
		F80BA66B1FF551BD0026CA7E /* LanesTouchTests */ = {
			isa = PBXNativeTarget;
			buildConfigurationList = F80BA6781FF551BD0026CA7E /* Build configuration list for PBXNativeTarget "LanesTouchTests" */;
			buildPhases = (
				F80BA6681FF551BD0026CA7E /* Sources */,
				F80BA6691FF551BD0026CA7E /* Frameworks */,
				F80BA66A1FF551BD0026CA7E /* Resources */,
			);
			buildRules = (
			);
			dependencies = (
				F80BA66E1FF551BD0026CA7E /* PBXTargetDependency */,
			);
			name = LanesTouchTests;
			productName = LanesTouchTests;
			productReference = F80BA66C1FF551BD0026CA7E /* LanesTouchTests.xctest */;
			productType = "com.apple.product-type.bundle.unit-test";
		};
/* End PBXNativeTarget section */

/* Begin PBXProject section */
		F80BA6501FF551BD0026CA7E /* Project object */ = {
			isa = PBXProject;
			attributes = {
				LastSwiftUpdateCheck = 0920;
				LastUpgradeCheck = 0920;
				ORGANIZATIONNAME = "Marcus Ramsden";
				TargetAttributes = {
					F80A9DBD1FFC287D00B12760 = {
						CreatedOnToolsVersion = 9.2;
						ProvisioningStyle = Automatic;
						TestTargetID = F80BA6571FF551BD0026CA7E;
					};
					F80BA6571FF551BD0026CA7E = {
						CreatedOnToolsVersion = 9.2;
						ProvisioningStyle = Automatic;
					};
					F80BA66B1FF551BD0026CA7E = {
						CreatedOnToolsVersion = 9.2;
						LastSwiftMigration = 0920;
						ProvisioningStyle = Automatic;
						TestTargetID = F80BA6571FF551BD0026CA7E;
					};
				};
			};
			buildConfigurationList = F80BA6531FF551BD0026CA7E /* Build configuration list for PBXProject "LanesTouch" */;
			compatibilityVersion = "Xcode 8.0";
			developmentRegion = en;
			hasScannedForEncodings = 0;
			knownRegions = (
				en,
				Base,
			);
			mainGroup = F80BA64F1FF551BD0026CA7E;
			productRefGroup = F80BA6591FF551BD0026CA7E /* Products */;
			projectDirPath = "";
			projectRoot = "";
			targets = (
				F80BA6571FF551BD0026CA7E /* LanesTouch */,
				F80BA66B1FF551BD0026CA7E /* LanesTouchTests */,
				F80A9DBD1FFC287D00B12760 /* LanesTouchFunctionalTests */,
			);
		};
/* End PBXProject section */

/* Begin PBXResourcesBuildPhase section */
		F80A9DBC1FFC287D00B12760 /* Resources */ = {
			isa = PBXResourcesBuildPhase;
			buildActionMask = 2147483647;
			files = (
			);
			runOnlyForDeploymentPostprocessing = 0;
		};
		F80BA6561FF551BD0026CA7E /* Resources */ = {
			isa = PBXResourcesBuildPhase;
			buildActionMask = 2147483647;
			files = (
				F88A09491FF56B870021A55C /* Localizable.strings in Resources */,
				F80BA6661FF551BD0026CA7E /* LaunchScreen.storyboard in Resources */,
				F80BA6631FF551BD0026CA7E /* Assets.xcassets in Resources */,
				F80BA6611FF551BD0026CA7E /* Main.storyboard in Resources */,
			);
			runOnlyForDeploymentPostprocessing = 0;
		};
		F80BA66A1FF551BD0026CA7E /* Resources */ = {
			isa = PBXResourcesBuildPhase;
			buildActionMask = 2147483647;
			files = (
			);
			runOnlyForDeploymentPostprocessing = 0;
		};
/* End PBXResourcesBuildPhase section */

/* Begin PBXSourcesBuildPhase section */
		F80A9DBA1FFC287D00B12760 /* Sources */ = {
			isa = PBXSourcesBuildPhase;
			buildActionMask = 2147483647;
			files = (
			);
			runOnlyForDeploymentPostprocessing = 0;
		};
		F80BA6541FF551BD0026CA7E /* Sources */ = {
			isa = PBXSourcesBuildPhase;
			buildActionMask = 2147483647;
			files = (
				F80BA65C1FF551BD0026CA7E /* AppDelegate.swift in Sources */,
			);
			runOnlyForDeploymentPostprocessing = 0;
		};
		F80BA6681FF551BD0026CA7E /* Sources */ = {
			isa = PBXSourcesBuildPhase;
			buildActionMask = 2147483647;
			files = (
			);
			runOnlyForDeploymentPostprocessing = 0;
		};
/* End PBXSourcesBuildPhase section */

/* Begin PBXTargetDependency section */
		F80A9DC41FFC287D00B12760 /* PBXTargetDependency */ = {
			isa = PBXTargetDependency;
			target = F80BA6571FF551BD0026CA7E /* LanesTouch */;
			targetProxy = F80A9DC31FFC287D00B12760 /* PBXContainerItemProxy */;
		};
		F80BA66E1FF551BD0026CA7E /* PBXTargetDependency */ = {
			isa = PBXTargetDependency;
			target = F80BA6571FF551BD0026CA7E /* LanesTouch */;
			targetProxy = F80BA66D1FF551BD0026CA7E /* PBXContainerItemProxy */;
		};
/* End PBXTargetDependency section */

/* Begin PBXVariantGroup section */
		F80BA65F1FF551BD0026CA7E /* Main.storyboard */ = {
			isa = PBXVariantGroup;
			children = (
				F80BA6601FF551BD0026CA7E /* Base */,
			);
			name = Main.storyboard;
			sourceTree = "<group>";
		};
		F80BA6641FF551BD0026CA7E /* LaunchScreen.storyboard */ = {
			isa = PBXVariantGroup;
			children = (
				F80BA6651FF551BD0026CA7E /* Base */,
			);
			name = LaunchScreen.storyboard;
			sourceTree = "<group>";
		};
		F88A094B1FF56B870021A55C /* Localizable.strings */ = {
			isa = PBXVariantGroup;
			children = (
				F88A094C1FF56BC80021A55C /* Base */,
			);
			name = Localizable.strings;
			sourceTree = "<group>";
		};
/* End PBXVariantGroup section */

/* Begin XCBuildConfiguration section */
		F80A9DC61FFC287D00B12760 /* Debug */ = {
			isa = XCBuildConfiguration;
			buildSettings = {
				CODE_SIGN_STYLE = Automatic;
				DEVELOPMENT_TEAM = 4T4M9B363T;
				INFOPLIST_FILE = LanesTouchFunctionalTests/Info.plist;
				LD_RUNPATH_SEARCH_PATHS = "$(inherited) @executable_path/Frameworks @loader_path/Frameworks";
				PRODUCT_BUNDLE_IDENTIFIER = com.bitsden.LanesTouchFunctionalTests;
				PRODUCT_NAME = "$(TARGET_NAME)";
				SWIFT_VERSION = 4.0;
				TARGETED_DEVICE_FAMILY = "1,2";
				TEST_TARGET_NAME = LanesTouch;
			};
			name = Debug;
		};
		F80A9DC71FFC287D00B12760 /* Release */ = {
			isa = XCBuildConfiguration;
			buildSettings = {
				CODE_SIGN_STYLE = Automatic;
				DEVELOPMENT_TEAM = 4T4M9B363T;
				INFOPLIST_FILE = LanesTouchFunctionalTests/Info.plist;
				LD_RUNPATH_SEARCH_PATHS = "$(inherited) @executable_path/Frameworks @loader_path/Frameworks";
				PRODUCT_BUNDLE_IDENTIFIER = com.bitsden.LanesTouchFunctionalTests;
				PRODUCT_NAME = "$(TARGET_NAME)";
				SWIFT_VERSION = 4.0;
				TARGETED_DEVICE_FAMILY = "1,2";
				TEST_TARGET_NAME = LanesTouch;
			};
			name = Release;
		};
		F80BA6731FF551BD0026CA7E /* Debug */ = {
			isa = XCBuildConfiguration;
			buildSettings = {
				ALWAYS_SEARCH_USER_PATHS = NO;
				CLANG_ANALYZER_NONNULL = YES;
				CLANG_ANALYZER_NUMBER_OBJECT_CONVERSION = YES_AGGRESSIVE;
				CLANG_CXX_LANGUAGE_STANDARD = "gnu++14";
				CLANG_CXX_LIBRARY = "libc++";
				CLANG_ENABLE_MODULES = YES;
				CLANG_ENABLE_OBJC_ARC = YES;
				CLANG_WARN_BLOCK_CAPTURE_AUTORELEASING = YES;
				CLANG_WARN_BOOL_CONVERSION = YES;
				CLANG_WARN_COMMA = YES;
				CLANG_WARN_CONSTANT_CONVERSION = YES;
				CLANG_WARN_DIRECT_OBJC_ISA_USAGE = YES_ERROR;
				CLANG_WARN_DOCUMENTATION_COMMENTS = YES;
				CLANG_WARN_EMPTY_BODY = YES;
				CLANG_WARN_ENUM_CONVERSION = YES;
				CLANG_WARN_INFINITE_RECURSION = YES;
				CLANG_WARN_INT_CONVERSION = YES;
				CLANG_WARN_NON_LITERAL_NULL_CONVERSION = YES;
				CLANG_WARN_OBJC_LITERAL_CONVERSION = YES;
				CLANG_WARN_OBJC_ROOT_CLASS = YES_ERROR;
				CLANG_WARN_RANGE_LOOP_ANALYSIS = YES;
				CLANG_WARN_STRICT_PROTOTYPES = YES;
				CLANG_WARN_SUSPICIOUS_MOVE = YES;
				CLANG_WARN_UNGUARDED_AVAILABILITY = YES_AGGRESSIVE;
				CLANG_WARN_UNREACHABLE_CODE = YES;
				CLANG_WARN__DUPLICATE_METHOD_MATCH = YES;
				CODE_SIGN_IDENTITY = "iPhone Developer";
				COPY_PHASE_STRIP = NO;
				DEBUG_INFORMATION_FORMAT = dwarf;
				ENABLE_STRICT_OBJC_MSGSEND = YES;
				ENABLE_TESTABILITY = YES;
				GCC_C_LANGUAGE_STANDARD = gnu11;
				GCC_DYNAMIC_NO_PIC = NO;
				GCC_NO_COMMON_BLOCKS = YES;
				GCC_OPTIMIZATION_LEVEL = 0;
				GCC_PREPROCESSOR_DEFINITIONS = (
					"DEBUG=1",
					"$(inherited)",
				);
				GCC_WARN_64_TO_32_BIT_CONVERSION = YES;
				GCC_WARN_ABOUT_RETURN_TYPE = YES_ERROR;
				GCC_WARN_UNDECLARED_SELECTOR = YES;
				GCC_WARN_UNINITIALIZED_AUTOS = YES_AGGRESSIVE;
				GCC_WARN_UNUSED_FUNCTION = YES;
				GCC_WARN_UNUSED_VARIABLE = YES;
				IPHONEOS_DEPLOYMENT_TARGET = 11.2;
				MTL_ENABLE_DEBUG_INFO = YES;
				ONLY_ACTIVE_ARCH = YES;
				SDKROOT = iphoneos;
				SWIFT_ACTIVE_COMPILATION_CONDITIONS = DEBUG;
				SWIFT_OPTIMIZATION_LEVEL = "-Onone";
			};
			name = Debug;
		};
		F80BA6741FF551BD0026CA7E /* Release */ = {
			isa = XCBuildConfiguration;
			buildSettings = {
				ALWAYS_SEARCH_USER_PATHS = NO;
				CLANG_ANALYZER_NONNULL = YES;
				CLANG_ANALYZER_NUMBER_OBJECT_CONVERSION = YES_AGGRESSIVE;
				CLANG_CXX_LANGUAGE_STANDARD = "gnu++14";
				CLANG_CXX_LIBRARY = "libc++";
				CLANG_ENABLE_MODULES = YES;
				CLANG_ENABLE_OBJC_ARC = YES;
				CLANG_WARN_BLOCK_CAPTURE_AUTORELEASING = YES;
				CLANG_WARN_BOOL_CONVERSION = YES;
				CLANG_WARN_COMMA = YES;
				CLANG_WARN_CONSTANT_CONVERSION = YES;
				CLANG_WARN_DIRECT_OBJC_ISA_USAGE = YES_ERROR;
				CLANG_WARN_DOCUMENTATION_COMMENTS = YES;
				CLANG_WARN_EMPTY_BODY = YES;
				CLANG_WARN_ENUM_CONVERSION = YES;
				CLANG_WARN_INFINITE_RECURSION = YES;
				CLANG_WARN_INT_CONVERSION = YES;
				CLANG_WARN_NON_LITERAL_NULL_CONVERSION = YES;
				CLANG_WARN_OBJC_LITERAL_CONVERSION = YES;
				CLANG_WARN_OBJC_ROOT_CLASS = YES_ERROR;
				CLANG_WARN_RANGE_LOOP_ANALYSIS = YES;
				CLANG_WARN_STRICT_PROTOTYPES = YES;
				CLANG_WARN_SUSPICIOUS_MOVE = YES;
				CLANG_WARN_UNGUARDED_AVAILABILITY = YES_AGGRESSIVE;
				CLANG_WARN_UNREACHABLE_CODE = YES;
				CLANG_WARN__DUPLICATE_METHOD_MATCH = YES;
				CODE_SIGN_IDENTITY = "iPhone Developer";
				COPY_PHASE_STRIP = NO;
				DEBUG_INFORMATION_FORMAT = "dwarf-with-dsym";
				ENABLE_NS_ASSERTIONS = NO;
				ENABLE_STRICT_OBJC_MSGSEND = YES;
				GCC_C_LANGUAGE_STANDARD = gnu11;
				GCC_NO_COMMON_BLOCKS = YES;
				GCC_WARN_64_TO_32_BIT_CONVERSION = YES;
				GCC_WARN_ABOUT_RETURN_TYPE = YES_ERROR;
				GCC_WARN_UNDECLARED_SELECTOR = YES;
				GCC_WARN_UNINITIALIZED_AUTOS = YES_AGGRESSIVE;
				GCC_WARN_UNUSED_FUNCTION = YES;
				GCC_WARN_UNUSED_VARIABLE = YES;
				IPHONEOS_DEPLOYMENT_TARGET = 11.2;
				MTL_ENABLE_DEBUG_INFO = NO;
				SDKROOT = iphoneos;
				SWIFT_OPTIMIZATION_LEVEL = "-Owholemodule";
				VALIDATE_PRODUCT = YES;
			};
			name = Release;
		};
		F80BA6761FF551BD0026CA7E /* Debug */ = {
			isa = XCBuildConfiguration;
			buildSettings = {
				ASSETCATALOG_COMPILER_APPICON_NAME = AppIcon;
				CODE_SIGN_STYLE = Automatic;
				DEVELOPMENT_TEAM = 4T4M9B363T;
				INFOPLIST_FILE = LanesTouch/Info.plist;
				IPHONEOS_DEPLOYMENT_TARGET = 11.0;
				LD_RUNPATH_SEARCH_PATHS = "$(inherited) @executable_path/Frameworks";
				PRODUCT_BUNDLE_IDENTIFIER = com.bitsden.LanesTouch;
				PRODUCT_NAME = "$(TARGET_NAME)";
				SWIFT_VERSION = 4.0;
				TARGETED_DEVICE_FAMILY = "1,2";
			};
			name = Debug;
		};
		F80BA6771FF551BD0026CA7E /* Release */ = {
			isa = XCBuildConfiguration;
			buildSettings = {
				ASSETCATALOG_COMPILER_APPICON_NAME = AppIcon;
				CODE_SIGN_STYLE = Automatic;
				DEVELOPMENT_TEAM = 4T4M9B363T;
				INFOPLIST_FILE = LanesTouch/Info.plist;
				IPHONEOS_DEPLOYMENT_TARGET = 11.0;
				LD_RUNPATH_SEARCH_PATHS = "$(inherited) @executable_path/Frameworks";
				PRODUCT_BUNDLE_IDENTIFIER = com.bitsden.LanesTouch;
				PRODUCT_NAME = "$(TARGET_NAME)";
				SWIFT_VERSION = 4.0;
				TARGETED_DEVICE_FAMILY = "1,2";
			};
			name = Release;
		};
		F80BA6791FF551BD0026CA7E /* Debug */ = {
			isa = XCBuildConfiguration;
			buildSettings = {
				ALWAYS_EMBED_SWIFT_STANDARD_LIBRARIES = YES;
				BUNDLE_LOADER = "$(TEST_HOST)";
				CLANG_ENABLE_MODULES = YES;
				CODE_SIGN_STYLE = Automatic;
				DEVELOPMENT_TEAM = 4T4M9B363T;
				INFOPLIST_FILE = LanesTouchTests/Info.plist;
				LD_RUNPATH_SEARCH_PATHS = "$(inherited) @executable_path/Frameworks @loader_path/Frameworks";
				PRODUCT_BUNDLE_IDENTIFIER = com.bitsden.LanesTouchTests;
				PRODUCT_NAME = "$(TARGET_NAME)";
				SWIFT_OPTIMIZATION_LEVEL = "-Onone";
				SWIFT_VERSION = 4.0;
				TARGETED_DEVICE_FAMILY = "1,2";
				TEST_HOST = "$(BUILT_PRODUCTS_DIR)/LanesTouch.app/LanesTouch";
			};
			name = Debug;
		};
		F80BA67A1FF551BD0026CA7E /* Release */ = {
			isa = XCBuildConfiguration;
			buildSettings = {
				ALWAYS_EMBED_SWIFT_STANDARD_LIBRARIES = YES;
				BUNDLE_LOADER = "$(TEST_HOST)";
				CLANG_ENABLE_MODULES = YES;
				CODE_SIGN_STYLE = Automatic;
				DEVELOPMENT_TEAM = 4T4M9B363T;
				INFOPLIST_FILE = LanesTouchTests/Info.plist;
				LD_RUNPATH_SEARCH_PATHS = "$(inherited) @executable_path/Frameworks @loader_path/Frameworks";
				PRODUCT_BUNDLE_IDENTIFIER = com.bitsden.LanesTouchTests;
				PRODUCT_NAME = "$(TARGET_NAME)";
				SWIFT_VERSION = 4.0;
				TARGETED_DEVICE_FAMILY = "1,2";
				TEST_HOST = "$(BUILT_PRODUCTS_DIR)/LanesTouch.app/LanesTouch";
			};
			name = Release;
		};
/* End XCBuildConfiguration section */

/* Begin XCConfigurationList section */
		F80A9DC51FFC287D00B12760 /* Build configuration list for PBXNativeTarget "LanesTouchFunctionalTests" */ = {
			isa = XCConfigurationList;
			buildConfigurations = (
				F80A9DC61FFC287D00B12760 /* Debug */,
				F80A9DC71FFC287D00B12760 /* Release */,
			);
			defaultConfigurationIsVisible = 0;
			defaultConfigurationName = Release;
		};
		F80BA6531FF551BD0026CA7E /* Build configuration list for PBXProject "LanesTouch" */ = {
			isa = XCConfigurationList;
			buildConfigurations = (
				F80BA6731FF551BD0026CA7E /* Debug */,
				F80BA6741FF551BD0026CA7E /* Release */,
			);
			defaultConfigurationIsVisible = 0;
			defaultConfigurationName = Release;
		};
		F80BA6751FF551BD0026CA7E /* Build configuration list for PBXNativeTarget "LanesTouch" */ = {
			isa = XCConfigurationList;
			buildConfigurations = (
				F80BA6761FF551BD0026CA7E /* Debug */,
				F80BA6771FF551BD0026CA7E /* Release */,
			);
			defaultConfigurationIsVisible = 0;
			defaultConfigurationName = Release;
		};
		F80BA6781FF551BD0026CA7E /* Build configuration list for PBXNativeTarget "LanesTouchTests" */ = {
			isa = XCConfigurationList;
			buildConfigurations = (
				F80BA6791FF551BD0026CA7E /* Debug */,
				F80BA67A1FF551BD0026CA7E /* Release */,
			);
			defaultConfigurationIsVisible = 0;
			defaultConfigurationName = Release;
		};
/* End XCConfigurationList section */
	};
	rootObject = F80BA6501FF551BD0026CA7E /* Project object */;
}
